
Microsoft Visual Studio Solution File, Format Version 12.00
# Visual Studio Version 17
VisualStudioVersion = 17.9.34616.47
MinimumVisualStudioVersion = 10.0.40219.1
Project("{FAE04EC0-301F-11D3-BF4B-00C04F79EFBC}") = "Bai4", "Bai4\Bai4.csproj", "{C7DA7C05-C973-4157-AC45-7C5D3AA5BAF3}"
EndProject
Global
	GlobalSection(SolutionConfigurationPlatforms) = preSolution
		Debug|Any CPU = Debug|Any CPU
		Release|Any CPU = Release|Any CPU
	EndGlobalSection
	GlobalSection(ProjectConfigurationPlatforms) = postSolution
		{C7DA7C05-C973-4157-AC45-7C5D3AA5BAF3}.Debug|Any CPU.ActiveCfg = Debug|Any CPU
		{C7DA7C05-C973-4157-AC45-7C5D3AA5BAF3}.Debug|Any CPU.Build.0 = Debug|Any CPU
		{C7DA7C05-C973-4157-AC45-7C5D3AA5BAF3}.Release|Any CPU.ActiveCfg = Release|Any CPU
		{C7DA7C05-C973-4157-AC45-7C5D3AA5BAF3}.Release|Any CPU.Build.0 = Release|Any CPU
	EndGlobalSection
	GlobalSection(SolutionProperties) = preSolution
		HideSolutionNode = FALSE
	EndGlobalSection
	GlobalSection(ExtensibilityGlobals) = postSolution
		SolutionGuid = {8C5F3328-BA95-4B56-9760-F1FD45C9F9B5}
	EndGlobalSection
EndGlobal
